// !$*UTF8*$!
{
	archiveVersion = 1;
	classes = {
	};
	objectVersion = 51;
	objects = {

/* Begin PBXBuildFile section */
		1E05077A287851200058319B /* PersonalInfo+TextFields.swift in Sources */ = {isa = PBXBuildFile; fileRef = 1E050779287851200058319B /* PersonalInfo+TextFields.swift */; };
		1E05077D2878513B0058319B /* PersonalInfo+Pickers.swift in Sources */ = {isa = PBXBuildFile; fileRef = 1E05077C2878513B0058319B /* PersonalInfo+Pickers.swift */; };
		1E6EC7142870851800E59AC3 /* AppDelegate.swift in Sources */ = {isa = PBXBuildFile; fileRef = 1E6EC7132870851800E59AC3 /* AppDelegate.swift */; };
		1E6EC7162870851800E59AC3 /* SceneDelegate.swift in Sources */ = {isa = PBXBuildFile; fileRef = 1E6EC7152870851800E59AC3 /* SceneDelegate.swift */; };
		1E6EC7182870851800E59AC3 /* FirstViewController.swift in Sources */ = {isa = PBXBuildFile; fileRef = 1E6EC7172870851800E59AC3 /* FirstViewController.swift */; };
		1E6EC71B2870851800E59AC3 /* Main.storyboard in Resources */ = {isa = PBXBuildFile; fileRef = 1E6EC7192870851800E59AC3 /* Main.storyboard */; };
		1E6EC71D2870851A00E59AC3 /* Assets.xcassets in Resources */ = {isa = PBXBuildFile; fileRef = 1E6EC71C2870851A00E59AC3 /* Assets.xcassets */; };
		1E6EC7202870851A00E59AC3 /* LaunchScreen.storyboard in Resources */ = {isa = PBXBuildFile; fileRef = 1E6EC71E2870851A00E59AC3 /* LaunchScreen.storyboard */; };
		1EBB1FDA2879EF150014C3AF /* First+TextField.swift in Sources */ = {isa = PBXBuildFile; fileRef = 1EBB1FD92879EF150014C3AF /* First+TextField.swift */; };
		1EC51BD4287718AF00E4AE69 /* FirstPresenter.swift in Sources */ = {isa = PBXBuildFile; fileRef = 1EC51BD3287718AF00E4AE69 /* FirstPresenter.swift */; };
		1ECB605B287771D5006D757E /* GoogleService-Info.plist in Resources */ = {isa = PBXBuildFile; fileRef = 1ECB605A287771D5006D757E /* GoogleService-Info.plist */; };
		1ECB605F28777945006D757E /* Constant.swift in Sources */ = {isa = PBXBuildFile; fileRef = 1ECB605E28777945006D757E /* Constant.swift */; };
		1ECB60682877872D006D757E /* PersonalInfoViewController.swift in Sources */ = {isa = PBXBuildFile; fileRef = 1ECB60672877872D006D757E /* PersonalInfoViewController.swift */; };
		1ECB606B28778C03006D757E /* PersonalInfoPresenter.swift in Sources */ = {isa = PBXBuildFile; fileRef = 1ECB606A28778C03006D757E /* PersonalInfoPresenter.swift */; };
		1ECB606E28778D31006D757E /* PersonalInfo.storyboard in Resources */ = {isa = PBXBuildFile; fileRef = 1ECB606D28778D31006D757E /* PersonalInfo.storyboard */; };
		1EE77CA72879D4C000AC6612 /* PersonalInfo+UserLocation.swift in Sources */ = {isa = PBXBuildFile; fileRef = 1EE77CA62879D4C000AC6612 /* PersonalInfo+UserLocation.swift */; };
		3CFA3AA2E94653E0036A2296 /* Pods_OrderMyFood.framework in Frameworks */ = {isa = PBXBuildFile; fileRef = D31E61BEC46B7512336EB031 /* Pods_OrderMyFood.framework */; };
/* End PBXBuildFile section */

/* Begin PBXFileReference section */
		1E050779287851200058319B /* PersonalInfo+TextFields.swift */ = {isa = PBXFileReference; lastKnownFileType = sourcecode.swift; path = "PersonalInfo+TextFields.swift"; sourceTree = "<group>"; };
		1E05077C2878513B0058319B /* PersonalInfo+Pickers.swift */ = {isa = PBXFileReference; lastKnownFileType = sourcecode.swift; path = "PersonalInfo+Pickers.swift"; sourceTree = "<group>"; };
		1E6EC7102870851800E59AC3 /* OrderMyFood.app */ = {isa = PBXFileReference; explicitFileType = wrapper.application; includeInIndex = 0; path = OrderMyFood.app; sourceTree = BUILT_PRODUCTS_DIR; };
		1E6EC7132870851800E59AC3 /* AppDelegate.swift */ = {isa = PBXFileReference; lastKnownFileType = sourcecode.swift; path = AppDelegate.swift; sourceTree = "<group>"; };
		1E6EC7152870851800E59AC3 /* SceneDelegate.swift */ = {isa = PBXFileReference; lastKnownFileType = sourcecode.swift; path = SceneDelegate.swift; sourceTree = "<group>"; };
		1E6EC7172870851800E59AC3 /* FirstViewController.swift */ = {isa = PBXFileReference; lastKnownFileType = sourcecode.swift; path = FirstViewController.swift; sourceTree = "<group>"; };
		1E6EC71A2870851800E59AC3 /* Base */ = {isa = PBXFileReference; lastKnownFileType = file.storyboard; name = Base; path = Base.lproj/Main.storyboard; sourceTree = "<group>"; };
		1E6EC71C2870851A00E59AC3 /* Assets.xcassets */ = {isa = PBXFileReference; lastKnownFileType = folder.assetcatalog; path = Assets.xcassets; sourceTree = "<group>"; };
		1E6EC71F2870851A00E59AC3 /* Base */ = {isa = PBXFileReference; lastKnownFileType = file.storyboard; name = Base; path = Base.lproj/LaunchScreen.storyboard; sourceTree = "<group>"; };
		1E6EC7212870851A00E59AC3 /* Info.plist */ = {isa = PBXFileReference; lastKnownFileType = text.plist.xml; path = Info.plist; sourceTree = "<group>"; };
		1EBB1FD92879EF150014C3AF /* First+TextField.swift */ = {isa = PBXFileReference; lastKnownFileType = sourcecode.swift; path = "First+TextField.swift"; sourceTree = "<group>"; };
		1EC51BD3287718AF00E4AE69 /* FirstPresenter.swift */ = {isa = PBXFileReference; lastKnownFileType = sourcecode.swift; path = FirstPresenter.swift; sourceTree = "<group>"; };
		1ECB605A287771D5006D757E /* GoogleService-Info.plist */ = {isa = PBXFileReference; fileEncoding = 4; lastKnownFileType = text.plist.xml; path = "GoogleService-Info.plist"; sourceTree = "<group>"; };
		1ECB605E28777945006D757E /* Constant.swift */ = {isa = PBXFileReference; lastKnownFileType = sourcecode.swift; path = Constant.swift; sourceTree = "<group>"; };
		1ECB60672877872D006D757E /* PersonalInfoViewController.swift */ = {isa = PBXFileReference; lastKnownFileType = sourcecode.swift; path = PersonalInfoViewController.swift; sourceTree = "<group>"; };
		1ECB606A28778C03006D757E /* PersonalInfoPresenter.swift */ = {isa = PBXFileReference; lastKnownFileType = sourcecode.swift; path = PersonalInfoPresenter.swift; sourceTree = "<group>"; };
		1ECB606D28778D31006D757E /* PersonalInfo.storyboard */ = {isa = PBXFileReference; lastKnownFileType = file.storyboard; path = PersonalInfo.storyboard; sourceTree = "<group>"; };
		1EE77CA62879D4C000AC6612 /* PersonalInfo+UserLocation.swift */ = {isa = PBXFileReference; lastKnownFileType = sourcecode.swift; path = "PersonalInfo+UserLocation.swift"; sourceTree = "<group>"; };
		8CFB6E8A4821746135A28326 /* Pods-OrderMyFood.release.xcconfig */ = {isa = PBXFileReference; includeInIndex = 1; lastKnownFileType = text.xcconfig; name = "Pods-OrderMyFood.release.xcconfig"; path = "Target Support Files/Pods-OrderMyFood/Pods-OrderMyFood.release.xcconfig"; sourceTree = "<group>"; };
		AE6BA7E6E6F421765CD1E488 /* Pods-OrderMyFood.debug.xcconfig */ = {isa = PBXFileReference; includeInIndex = 1; lastKnownFileType = text.xcconfig; name = "Pods-OrderMyFood.debug.xcconfig"; path = "Target Support Files/Pods-OrderMyFood/Pods-OrderMyFood.debug.xcconfig"; sourceTree = "<group>"; };
		D31E61BEC46B7512336EB031 /* Pods_OrderMyFood.framework */ = {isa = PBXFileReference; explicitFileType = wrapper.framework; includeInIndex = 0; path = Pods_OrderMyFood.framework; sourceTree = BUILT_PRODUCTS_DIR; };
/* End PBXFileReference section */

/* Begin PBXFrameworksBuildPhase section */
		1E6EC70D2870851800E59AC3 /* Frameworks */ = {
			isa = PBXFrameworksBuildPhase;
			buildActionMask = 2147483647;
			files = (
				3CFA3AA2E94653E0036A2296 /* Pods_OrderMyFood.framework in Frameworks */,
			);
			runOnlyForDeploymentPostprocessing = 0;
		};
/* End PBXFrameworksBuildPhase section */

/* Begin PBXGroup section */
		0FB66E826F39977BAF101FB6 /* Pods */ = {
			isa = PBXGroup;
			children = (
				AE6BA7E6E6F421765CD1E488 /* Pods-OrderMyFood.debug.xcconfig */,
				8CFB6E8A4821746135A28326 /* Pods-OrderMyFood.release.xcconfig */,
			);
			path = Pods;
			sourceTree = "<group>";
		};
		1E6EC7072870851800E59AC3 = {
			isa = PBXGroup;
			children = (
				1E6EC7122870851800E59AC3 /* OrderMyFood */,
				1E6EC7112870851800E59AC3 /* Products */,
				0FB66E826F39977BAF101FB6 /* Pods */,
				4135570696D0F7167A28A164 /* Frameworks */,
			);
			sourceTree = "<group>";
		};
		1E6EC7112870851800E59AC3 /* Products */ = {
			isa = PBXGroup;
			children = (
				1E6EC7102870851800E59AC3 /* OrderMyFood.app */,
			);
			name = Products;
			sourceTree = "<group>";
		};
		1E6EC7122870851800E59AC3 /* OrderMyFood */ = {
			isa = PBXGroup;
			children = (
				1ECB60612877867C006D757E /* Personal Information */,
				1EC51BCE2877183C00E4AE69 /* FirstView */,
				1E6EC7132870851800E59AC3 /* AppDelegate.swift */,
				1E6EC7152870851800E59AC3 /* SceneDelegate.swift */,
				1E6EC7192870851800E59AC3 /* Main.storyboard */,
				1E6EC71E2870851A00E59AC3 /* LaunchScreen.storyboard */,
				1E6EC7212870851A00E59AC3 /* Info.plist */,
				1ECB605A287771D5006D757E /* GoogleService-Info.plist */,
				1ECB605D287777CC006D757E /* Resource */,
			);
			path = OrderMyFood;
			sourceTree = "<group>";
		};
		1EC51BCE2877183C00E4AE69 /* FirstView */ = {
			isa = PBXGroup;
			children = (
				1EC51BD12877186C00E4AE69 /* Model */,
				1EC51BD02877186700E4AE69 /* View */,
				1EC51BCF2877185100E4AE69 /* Presenter */,
			);
			path = FirstView;
			sourceTree = "<group>";
		};
		1EC51BCF2877185100E4AE69 /* Presenter */ = {
			isa = PBXGroup;
			children = (
				1EC51BD3287718AF00E4AE69 /* FirstPresenter.swift */,
			);
			path = Presenter;
			sourceTree = "<group>";
		};
		1EC51BD02877186700E4AE69 /* View */ = {
			isa = PBXGroup;
			children = (
				1E6EC7172870851800E59AC3 /* FirstViewController.swift */,
				1EBB1FD92879EF150014C3AF /* First+TextField.swift */,
			);
			path = View;
			sourceTree = "<group>";
		};
		1EC51BD12877186C00E4AE69 /* Model */ = {
			isa = PBXGroup;
			children = (
			);
			path = Model;
			sourceTree = "<group>";
		};
		1ECB605D287777CC006D757E /* Resource */ = {
			isa = PBXGroup;
			children = (
				1E6EC71C2870851A00E59AC3 /* Assets.xcassets */,
				1ECB605E28777945006D757E /* Constant.swift */,
			);
			path = Resource;
			sourceTree = "<group>";
		};
		1ECB60612877867C006D757E /* Personal Information */ = {
			isa = PBXGroup;
			children = (
				1ECB6065287786AE006D757E /* Model */,
				1ECB6064287786A9006D757E /* View */,
				1ECB6063287786A1006D757E /* Presenter */,
			);
			path = "Personal Information";
			sourceTree = "<group>";
		};
		1ECB6063287786A1006D757E /* Presenter */ = {
			isa = PBXGroup;
			children = (
				1ECB606A28778C03006D757E /* PersonalInfoPresenter.swift */,
			);
			path = Presenter;
			sourceTree = "<group>";
		};
		1ECB6064287786A9006D757E /* View */ = {
			isa = PBXGroup;
			children = (
				1ECB60672877872D006D757E /* PersonalInfoViewController.swift */,
				1EE77CA62879D4C000AC6612 /* PersonalInfo+UserLocation.swift */,
				1ECB606D28778D31006D757E /* PersonalInfo.storyboard */,
				1E050779287851200058319B /* PersonalInfo+TextFields.swift */,
				1E05077C2878513B0058319B /* PersonalInfo+Pickers.swift */,
			);
			path = View;
			sourceTree = "<group>";
		};
		1ECB6065287786AE006D757E /* Model */ = {
			isa = PBXGroup;
			children = (
			);
			path = Model;
			sourceTree = "<group>";
		};
		4135570696D0F7167A28A164 /* Frameworks */ = {
			isa = PBXGroup;
			children = (
				D31E61BEC46B7512336EB031 /* Pods_OrderMyFood.framework */,
			);
			name = Frameworks;
			sourceTree = "<group>";
		};
/* End PBXGroup section */

/* Begin PBXNativeTarget section */
		1E6EC70F2870851800E59AC3 /* OrderMyFood */ = {
			isa = PBXNativeTarget;
			buildConfigurationList = 1E6EC7242870851A00E59AC3 /* Build configuration list for PBXNativeTarget "OrderMyFood" */;
			buildPhases = (
				6EDA8878019736BB078102C5 /* [CP] Check Pods Manifest.lock */,
				1E6EC70C2870851800E59AC3 /* Sources */,
				1E6EC70D2870851800E59AC3 /* Frameworks */,
				1E6EC70E2870851800E59AC3 /* Resources */,
				F082EB7210A8DB470B0B6024 /* [CP] Embed Pods Frameworks */,
				C5D0E7D39229155BA32254ED /* [CP] Copy Pods Resources */,
			);
			buildRules = (
			);
			dependencies = (
			);
			name = OrderMyFood;
			productName = OrderMyFood;
			productReference = 1E6EC7102870851800E59AC3 /* OrderMyFood.app */;
			productType = "com.apple.product-type.application";
		};
/* End PBXNativeTarget section */

/* Begin PBXProject section */
		1E6EC7082870851800E59AC3 /* Project object */ = {
			isa = PBXProject;
			attributes = {
				LastSwiftUpdateCheck = 1220;
				LastUpgradeCheck = 1220;
				TargetAttributes = {
					1E6EC70F2870851800E59AC3 = {
						CreatedOnToolsVersion = 12.2;
					};
				};
			};
			buildConfigurationList = 1E6EC70B2870851800E59AC3 /* Build configuration list for PBXProject "OrderMyFood" */;
			compatibilityVersion = "Xcode 9.3";
			developmentRegion = en;
			hasScannedForEncodings = 0;
			knownRegions = (
				en,
				Base,
			);
			mainGroup = 1E6EC7072870851800E59AC3;
			productRefGroup = 1E6EC7112870851800E59AC3 /* Products */;
			projectDirPath = "";
			projectRoot = "";
			targets = (
				1E6EC70F2870851800E59AC3 /* OrderMyFood */,
			);
		};
/* End PBXProject section */

/* Begin PBXResourcesBuildPhase section */
		1E6EC70E2870851800E59AC3 /* Resources */ = {
			isa = PBXResourcesBuildPhase;
			buildActionMask = 2147483647;
			files = (
				1ECB606E28778D31006D757E /* PersonalInfo.storyboard in Resources */,
				1E6EC7202870851A00E59AC3 /* LaunchScreen.storyboard in Resources */,
				1ECB605B287771D5006D757E /* GoogleService-Info.plist in Resources */,
				1E6EC71D2870851A00E59AC3 /* Assets.xcassets in Resources */,
				1E6EC71B2870851800E59AC3 /* Main.storyboard in Resources */,
			);
			runOnlyForDeploymentPostprocessing = 0;
		};
/* End PBXResourcesBuildPhase section */

/* Begin PBXShellScriptBuildPhase section */
		6EDA8878019736BB078102C5 /* [CP] Check Pods Manifest.lock */ = {
			isa = PBXShellScriptBuildPhase;
			buildActionMask = 2147483647;
			files = (
			);
			inputFileListPaths = (
			);
			inputPaths = (
				"${PODS_PODFILE_DIR_PATH}/Podfile.lock",
				"${PODS_ROOT}/Manifest.lock",
			);
			name = "[CP] Check Pods Manifest.lock";
			outputFileListPaths = (
			);
			outputPaths = (
				"$(DERIVED_FILE_DIR)/Pods-OrderMyFood-checkManifestLockResult.txt",
			);
			runOnlyForDeploymentPostprocessing = 0;
			shellPath = /bin/sh;
			shellScript = "diff \"${PODS_PODFILE_DIR_PATH}/Podfile.lock\" \"${PODS_ROOT}/Manifest.lock\" > /dev/null\nif [ $? != 0 ] ; then\n    # print error to STDERR\n    echo \"error: The sandbox is not in sync with the Podfile.lock. Run 'pod install' or update your CocoaPods installation.\" >&2\n    exit 1\nfi\n# This output is used by Xcode 'outputs' to avoid re-running this script phase.\necho \"SUCCESS\" > \"${SCRIPT_OUTPUT_FILE_0}\"\n";
			showEnvVarsInLog = 0;
		};
		C5D0E7D39229155BA32254ED /* [CP] Copy Pods Resources */ = {
			isa = PBXShellScriptBuildPhase;
			buildActionMask = 2147483647;
			files = (
			);
			inputFileListPaths = (
				"${PODS_ROOT}/Target Support Files/Pods-OrderMyFood/Pods-OrderMyFood-resources-${CONFIGURATION}-input-files.xcfilelist",
			);
			name = "[CP] Copy Pods Resources";
			outputFileListPaths = (
				"${PODS_ROOT}/Target Support Files/Pods-OrderMyFood/Pods-OrderMyFood-resources-${CONFIGURATION}-output-files.xcfilelist",
			);
			runOnlyForDeploymentPostprocessing = 0;
			shellPath = /bin/sh;
			shellScript = "\"${PODS_ROOT}/Target Support Files/Pods-OrderMyFood/Pods-OrderMyFood-resources.sh\"\n";
			showEnvVarsInLog = 0;
		};
		F082EB7210A8DB470B0B6024 /* [CP] Embed Pods Frameworks */ = {
			isa = PBXShellScriptBuildPhase;
			buildActionMask = 2147483647;
			files = (
			);
			inputFileListPaths = (
				"${PODS_ROOT}/Target Support Files/Pods-OrderMyFood/Pods-OrderMyFood-frameworks-${CONFIGURATION}-input-files.xcfilelist",
			);
			name = "[CP] Embed Pods Frameworks";
			outputFileListPaths = (
				"${PODS_ROOT}/Target Support Files/Pods-OrderMyFood/Pods-OrderMyFood-frameworks-${CONFIGURATION}-output-files.xcfilelist",
			);
			runOnlyForDeploymentPostprocessing = 0;
			shellPath = /bin/sh;
			shellScript = "\"${PODS_ROOT}/Target Support Files/Pods-OrderMyFood/Pods-OrderMyFood-frameworks.sh\"\n";
			showEnvVarsInLog = 0;
		};
/* End PBXShellScriptBuildPhase section */

/* Begin PBXSourcesBuildPhase section */
		1E6EC70C2870851800E59AC3 /* Sources */ = {
			isa = PBXSourcesBuildPhase;
			buildActionMask = 2147483647;
			files = (
				1ECB606B28778C03006D757E /* PersonalInfoPresenter.swift in Sources */,
				1E6EC7182870851800E59AC3 /* FirstViewController.swift in Sources */,
				1E6EC7142870851800E59AC3 /* AppDelegate.swift in Sources */,
				1EE77CA72879D4C000AC6612 /* PersonalInfo+UserLocation.swift in Sources */,
				1ECB605F28777945006D757E /* Constant.swift in Sources */,
				1E6EC7162870851800E59AC3 /* SceneDelegate.swift in Sources */,
				1E05077D2878513B0058319B /* PersonalInfo+Pickers.swift in Sources */,
				1ECB60682877872D006D757E /* PersonalInfoViewController.swift in Sources */,
				1EC51BD4287718AF00E4AE69 /* FirstPresenter.swift in Sources */,
				1EBB1FDA2879EF150014C3AF /* First+TextField.swift in Sources */,
				1E05077A287851200058319B /* PersonalInfo+TextFields.swift in Sources */,
			);
			runOnlyForDeploymentPostprocessing = 0;
		};
/* End PBXSourcesBuildPhase section */

/* Begin PBXVariantGroup section */
		1E6EC7192870851800E59AC3 /* Main.storyboard */ = {
			isa = PBXVariantGroup;
			children = (
				1E6EC71A2870851800E59AC3 /* Base */,
			);
			name = Main.storyboard;
			sourceTree = "<group>";
		};
		1E6EC71E2870851A00E59AC3 /* LaunchScreen.storyboard */ = {
			isa = PBXVariantGroup;
			children = (
				1E6EC71F2870851A00E59AC3 /* Base */,
			);
			name = LaunchScreen.storyboard;
			sourceTree = "<group>";
		};
/* End PBXVariantGroup section */

/* Begin XCBuildConfiguration section */
		1E6EC7222870851A00E59AC3 /* Debug */ = {
			isa = XCBuildConfiguration;
			buildSettings = {
				ALWAYS_SEARCH_USER_PATHS = NO;
				CLANG_ANALYZER_NONNULL = YES;
				CLANG_ANALYZER_NUMBER_OBJECT_CONVERSION = YES_AGGRESSIVE;
				CLANG_CXX_LANGUAGE_STANDARD = "gnu++14";
				CLANG_CXX_LIBRARY = "libc++";
				CLANG_ENABLE_MODULES = YES;
				CLANG_ENABLE_OBJC_ARC = YES;
				CLANG_ENABLE_OBJC_WEAK = YES;
				CLANG_WARN_BLOCK_CAPTURE_AUTORELEASING = YES;
				CLANG_WARN_BOOL_CONVERSION = YES;
				CLANG_WARN_COMMA = YES;
				CLANG_WARN_CONSTANT_CONVERSION = YES;
				CLANG_WARN_DEPRECATED_OBJC_IMPLEMENTATIONS = YES;
				CLANG_WARN_DIRECT_OBJC_ISA_USAGE = YES_ERROR;
				CLANG_WARN_DOCUMENTATION_COMMENTS = YES;
				CLANG_WARN_EMPTY_BODY = YES;
				CLANG_WARN_ENUM_CONVERSION = YES;
				CLANG_WARN_INFINITE_RECURSION = YES;
				CLANG_WARN_INT_CONVERSION = YES;
				CLANG_WARN_NON_LITERAL_NULL_CONVERSION = YES;
				CLANG_WARN_OBJC_IMPLICIT_RETAIN_SELF = YES;
				CLANG_WARN_OBJC_LITERAL_CONVERSION = YES;
				CLANG_WARN_OBJC_ROOT_CLASS = YES_ERROR;
				CLANG_WARN_QUOTED_INCLUDE_IN_FRAMEWORK_HEADER = YES;
				CLANG_WARN_RANGE_LOOP_ANALYSIS = YES;
				CLANG_WARN_STRICT_PROTOTYPES = YES;
				CLANG_WARN_SUSPICIOUS_MOVE = YES;
				CLANG_WARN_UNGUARDED_AVAILABILITY = YES_AGGRESSIVE;
				CLANG_WARN_UNREACHABLE_CODE = YES;
				CLANG_WARN__DUPLICATE_METHOD_MATCH = YES;
				COPY_PHASE_STRIP = NO;
				DEBUG_INFORMATION_FORMAT = dwarf;
				ENABLE_STRICT_OBJC_MSGSEND = YES;
				ENABLE_TESTABILITY = YES;
				GCC_C_LANGUAGE_STANDARD = gnu11;
				GCC_DYNAMIC_NO_PIC = NO;
				GCC_NO_COMMON_BLOCKS = YES;
				GCC_OPTIMIZATION_LEVEL = 0;
				GCC_PREPROCESSOR_DEFINITIONS = (
					"DEBUG=1",
					"$(inherited)",
				);
				GCC_WARN_64_TO_32_BIT_CONVERSION = YES;
				GCC_WARN_ABOUT_RETURN_TYPE = YES_ERROR;
				GCC_WARN_UNDECLARED_SELECTOR = YES;
				GCC_WARN_UNINITIALIZED_AUTOS = YES_AGGRESSIVE;
				GCC_WARN_UNUSED_FUNCTION = YES;
				GCC_WARN_UNUSED_VARIABLE = YES;
				IPHONEOS_DEPLOYMENT_TARGET = 14.2;
				MTL_ENABLE_DEBUG_INFO = INCLUDE_SOURCE;
				MTL_FAST_MATH = YES;
				ONLY_ACTIVE_ARCH = YES;
				SDKROOT = iphoneos;
				SWIFT_ACTIVE_COMPILATION_CONDITIONS = DEBUG;
				SWIFT_OPTIMIZATION_LEVEL = "-Onone";
			};
			name = Debug;
		};
		1E6EC7232870851A00E59AC3 /* Release */ = {
			isa = XCBuildConfiguration;
			buildSettings = {
				ALWAYS_SEARCH_USER_PATHS = NO;
				CLANG_ANALYZER_NONNULL = YES;
				CLANG_ANALYZER_NUMBER_OBJECT_CONVERSION = YES_AGGRESSIVE;
				CLANG_CXX_LANGUAGE_STANDARD = "gnu++14";
				CLANG_CXX_LIBRARY = "libc++";
				CLANG_ENABLE_MODULES = YES;
				CLANG_ENABLE_OBJC_ARC = YES;
				CLANG_ENABLE_OBJC_WEAK = YES;
				CLANG_WARN_BLOCK_CAPTURE_AUTORELEASING = YES;
				CLANG_WARN_BOOL_CONVERSION = YES;
				CLANG_WARN_COMMA = YES;
				CLANG_WARN_CONSTANT_CONVERSION = YES;
				CLANG_WARN_DEPRECATED_OBJC_IMPLEMENTATIONS = YES;
				CLANG_WARN_DIRECT_OBJC_ISA_USAGE = YES_ERROR;
				CLANG_WARN_DOCUMENTATION_COMMENTS = YES;
				CLANG_WARN_EMPTY_BODY = YES;
				CLANG_WARN_ENUM_CONVERSION = YES;
				CLANG_WARN_INFINITE_RECURSION = YES;
				CLANG_WARN_INT_CONVERSION = YES;
				CLANG_WARN_NON_LITERAL_NULL_CONVERSION = YES;
				CLANG_WARN_OBJC_IMPLICIT_RETAIN_SELF = YES;
				CLANG_WARN_OBJC_LITERAL_CONVERSION = YES;
				CLANG_WARN_OBJC_ROOT_CLASS = YES_ERROR;
				CLANG_WARN_QUOTED_INCLUDE_IN_FRAMEWORK_HEADER = YES;
				CLANG_WARN_RANGE_LOOP_ANALYSIS = YES;
				CLANG_WARN_STRICT_PROTOTYPES = YES;
				CLANG_WARN_SUSPICIOUS_MOVE = YES;
				CLANG_WARN_UNGUARDED_AVAILABILITY = YES_AGGRESSIVE;
				CLANG_WARN_UNREACHABLE_CODE = YES;
				CLANG_WARN__DUPLICATE_METHOD_MATCH = YES;
				COPY_PHASE_STRIP = NO;
				DEBUG_INFORMATION_FORMAT = "dwarf-with-dsym";
				ENABLE_NS_ASSERTIONS = NO;
				ENABLE_STRICT_OBJC_MSGSEND = YES;
				GCC_C_LANGUAGE_STANDARD = gnu11;
				GCC_NO_COMMON_BLOCKS = YES;
				GCC_WARN_64_TO_32_BIT_CONVERSION = YES;
				GCC_WARN_ABOUT_RETURN_TYPE = YES_ERROR;
				GCC_WARN_UNDECLARED_SELECTOR = YES;
				GCC_WARN_UNINITIALIZED_AUTOS = YES_AGGRESSIVE;
				GCC_WARN_UNUSED_FUNCTION = YES;
				GCC_WARN_UNUSED_VARIABLE = YES;
				IPHONEOS_DEPLOYMENT_TARGET = 14.2;
				MTL_ENABLE_DEBUG_INFO = NO;
				MTL_FAST_MATH = YES;
				SDKROOT = iphoneos;
				SWIFT_COMPILATION_MODE = wholemodule;
				SWIFT_OPTIMIZATION_LEVEL = "-O";
				VALIDATE_PRODUCT = YES;
			};
			name = Release;
		};
		1E6EC7252870851A00E59AC3 /* Debug */ = {
			isa = XCBuildConfiguration;
			baseConfigurationReference = AE6BA7E6E6F421765CD1E488 /* Pods-OrderMyFood.debug.xcconfig */;
			buildSettings = {
				ASSETCATALOG_COMPILER_APPICON_NAME = AppIcon;
				ASSETCATALOG_COMPILER_GLOBAL_ACCENT_COLOR_NAME = AccentColor;
				CODE_SIGN_STYLE = Automatic;
				DEVELOPMENT_TEAM = 5N79QDCTNF;
				INFOPLIST_FILE = OrderMyFood/Info.plist;
				LD_RUNPATH_SEARCH_PATHS = (
					"$(inherited)",
					"@executable_path/Frameworks",
				);
				PRODUCT_BUNDLE_IDENTIFIER = comHashim.OrderMyFood;
				PRODUCT_NAME = "$(TARGET_NAME)";
				SWIFT_VERSION = 5.0;
				TARGETED_DEVICE_FAMILY = 1;
			};
			name = Debug;
		};
		1E6EC7262870851A00E59AC3 /* Release */ = {
			isa = XCBuildConfiguration;
			baseConfigurationReference = 8CFB6E8A4821746135A28326 /* Pods-OrderMyFood.release.xcconfig */;
			buildSettings = {
				ASSETCATALOG_COMPILER_APPICON_NAME = AppIcon;
				ASSETCATALOG_COMPILER_GLOBAL_ACCENT_COLOR_NAME = AccentColor;
				CODE_SIGN_STYLE = Automatic;
				DEVELOPMENT_TEAM = 5N79QDCTNF;
				INFOPLIST_FILE = OrderMyFood/Info.plist;
				LD_RUNPATH_SEARCH_PATHS = (
					"$(inherited)",
					"@executable_path/Frameworks",
				);
				PRODUCT_BUNDLE_IDENTIFIER = comHashim.OrderMyFood;
				PRODUCT_NAME = "$(TARGET_NAME)";
				SWIFT_VERSION = 5.0;
				TARGETED_DEVICE_FAMILY = 1;
			};
			name = Release;
		};
/* End XCBuildConfiguration section */

/* Begin XCConfigurationList section */
		1E6EC70B2870851800E59AC3 /* Build configuration list for PBXProject "OrderMyFood" */ = {
			isa = XCConfigurationList;
			buildConfigurations = (
				1E6EC7222870851A00E59AC3 /* Debug */,
				1E6EC7232870851A00E59AC3 /* Release */,
			);
			defaultConfigurationIsVisible = 0;
			defaultConfigurationName = Release;
		};
		1E6EC7242870851A00E59AC3 /* Build configuration list for PBXNativeTarget "OrderMyFood" */ = {
			isa = XCConfigurationList;
			buildConfigurations = (
				1E6EC7252870851A00E59AC3 /* Debug */,
				1E6EC7262870851A00E59AC3 /* Release */,
			);
			defaultConfigurationIsVisible = 0;
			defaultConfigurationName = Release;
		};
/* End XCConfigurationList section */
	};
	rootObject = 1E6EC7082870851800E59AC3 /* Project object */;
}
